
Microsoft Visual Studio Solution File, Format Version 12.00
# Visual Studio Version 16
VisualStudioVersion = 16.0.30011.22
MinimumVisualStudioVersion = 10.0.40219.1
Project("{9A19103F-16F7-4668-BE54-9A1E7A4F7556}") = "01. Reverse Strings", "01. Reverse Strings\01. Reverse Strings.csproj", "{2F3561B8-67ED-4787-832B-44C0523C699F}"
EndProject
Project("{9A19103F-16F7-4668-BE54-9A1E7A4F7556}") = "02. Repeat Strings", "02. Repeat Strings\02. Repeat Strings.csproj", "{80C9CB99-9E8A-494C-BA78-86ACF85B6A14}"
EndProject
Project("{9A19103F-16F7-4668-BE54-9A1E7A4F7556}") = "03. Substring", "03. Substring\03. Substring.csproj", "{70426F85-A133-4B79-8F27-10C6A29A1FEB}"
EndProject
Project("{FAE04EC0-301F-11D3-BF4B-00C04F79EFBC}") = "04. Text Filter", "04. Text Filter\04. Text Filter.csproj", "{6BA5DA68-0CE3-4FA5-8EFE-660B34666AC2}"
EndProject
Project("{FAE04EC0-301F-11D3-BF4B-00C04F79EFBC}") = "05. Digits, Letters and Other", "05. Digits, Letters and Other\05. Digits, Letters and Other.csproj", "{83F19FFF-1C2B-4FF2-BE2A-27069A79B6AB}"
EndProject
Global
	GlobalSection(SolutionConfigurationPlatforms) = preSolution
		Debug|Any CPU = Debug|Any CPU
		Release|Any CPU = Release|Any CPU
	EndGlobalSection
	GlobalSection(ProjectConfigurationPlatforms) = postSolution
		{2F3561B8-67ED-4787-832B-44C0523C699F}.Debug|Any CPU.ActiveCfg = Debug|Any CPU
		{2F3561B8-67ED-4787-832B-44C0523C699F}.Debug|Any CPU.Build.0 = Debug|Any CPU
		{2F3561B8-67ED-4787-832B-44C0523C699F}.Release|Any CPU.ActiveCfg = Release|Any CPU
		{2F3561B8-67ED-4787-832B-44C0523C699F}.Release|Any CPU.Build.0 = Release|Any CPU
		{80C9CB99-9E8A-494C-BA78-86ACF85B6A14}.Debug|Any CPU.ActiveCfg = Debug|Any CPU
		{80C9CB99-9E8A-494C-BA78-86ACF85B6A14}.Debug|Any CPU.Build.0 = Debug|Any CPU
		{80C9CB99-9E8A-494C-BA78-86ACF85B6A14}.Release|Any CPU.ActiveCfg = Release|Any CPU
		{80C9CB99-9E8A-494C-BA78-86ACF85B6A14}.Release|Any CPU.Build.0 = Release|Any CPU
		{70426F85-A133-4B79-8F27-10C6A29A1FEB}.Debug|Any CPU.ActiveCfg = Debug|Any CPU
		{70426F85-A133-4B79-8F27-10C6A29A1FEB}.Debug|Any CPU.Build.0 = Debug|Any CPU
		{70426F85-A133-4B79-8F27-10C6A29A1FEB}.Release|Any CPU.ActiveCfg = Release|Any CPU
		{70426F85-A133-4B79-8F27-10C6A29A1FEB}.Release|Any CPU.Build.0 = Release|Any CPU
		{6BA5DA68-0CE3-4FA5-8EFE-660B34666AC2}.Debug|Any CPU.ActiveCfg = Debug|Any CPU
		{6BA5DA68-0CE3-4FA5-8EFE-660B34666AC2}.Debug|Any CPU.Build.0 = Debug|Any CPU
		{6BA5DA68-0CE3-4FA5-8EFE-660B34666AC2}.Release|Any CPU.ActiveCfg = Release|Any CPU
		{6BA5DA68-0CE3-4FA5-8EFE-660B34666AC2}.Release|Any CPU.Build.0 = Release|Any CPU
		{83F19FFF-1C2B-4FF2-BE2A-27069A79B6AB}.Debug|Any CPU.ActiveCfg = Debug|Any CPU
		{83F19FFF-1C2B-4FF2-BE2A-27069A79B6AB}.Debug|Any CPU.Build.0 = Debug|Any CPU
		{83F19FFF-1C2B-4FF2-BE2A-27069A79B6AB}.Release|Any CPU.ActiveCfg = Release|Any CPU
		{83F19FFF-1C2B-4FF2-BE2A-27069A79B6AB}.Release|Any CPU.Build.0 = Release|Any CPU
	EndGlobalSection
	GlobalSection(SolutionProperties) = preSolution
		HideSolutionNode = FALSE
	EndGlobalSection
	GlobalSection(ExtensibilityGlobals) = postSolution
		SolutionGuid = {AAC15B5B-5B32-423E-9AA3-A1742E944C21}
	EndGlobalSection
EndGlobal
