
Microsoft Visual Studio Solution File, Format Version 12.00
# Visual Studio Version 16
VisualStudioVersion = 16.0.30011.22
MinimumVisualStudioVersion = 10.0.40219.1
Project("{9A19103F-16F7-4668-BE54-9A1E7A4F7556}") = "01. World Tour_Problem Description", "01. World Tour_Problem Description\01. World Tour_Problem Description.csproj", "{41923C06-3E31-4387-826A-49281ACA1C10}"
EndProject
Project("{9A19103F-16F7-4668-BE54-9A1E7A4F7556}") = "02. Destination Mapper_Problem Description", "02. Destination Mapper_Problem Description\02. Destination Mapper_Problem Description.csproj", "{51E99404-26B3-40EA-AA05-56580A3F3015}"
EndProject
Project("{FAE04EC0-301F-11D3-BF4B-00C04F79EFBC}") = "03. Plant Discovery", "03. Plant Discovery\03. Plant Discovery.csproj", "{DABD10EB-E6F6-41B4-B076-A3F2B4CFA3FF}"
EndProject
Global
	GlobalSection(SolutionConfigurationPlatforms) = preSolution
		Debug|Any CPU = Debug|Any CPU
		Release|Any CPU = Release|Any CPU
	EndGlobalSection
	GlobalSection(ProjectConfigurationPlatforms) = postSolution
		{41923C06-3E31-4387-826A-49281ACA1C10}.Debug|Any CPU.ActiveCfg = Debug|Any CPU
		{41923C06-3E31-4387-826A-49281ACA1C10}.Debug|Any CPU.Build.0 = Debug|Any CPU
		{41923C06-3E31-4387-826A-49281ACA1C10}.Release|Any CPU.ActiveCfg = Release|Any CPU
		{41923C06-3E31-4387-826A-49281ACA1C10}.Release|Any CPU.Build.0 = Release|Any CPU
		{51E99404-26B3-40EA-AA05-56580A3F3015}.Debug|Any CPU.ActiveCfg = Debug|Any CPU
		{51E99404-26B3-40EA-AA05-56580A3F3015}.Debug|Any CPU.Build.0 = Debug|Any CPU
		{51E99404-26B3-40EA-AA05-56580A3F3015}.Release|Any CPU.ActiveCfg = Release|Any CPU
		{51E99404-26B3-40EA-AA05-56580A3F3015}.Release|Any CPU.Build.0 = Release|Any CPU
		{DABD10EB-E6F6-41B4-B076-A3F2B4CFA3FF}.Debug|Any CPU.ActiveCfg = Debug|Any CPU
		{DABD10EB-E6F6-41B4-B076-A3F2B4CFA3FF}.Debug|Any CPU.Build.0 = Debug|Any CPU
		{DABD10EB-E6F6-41B4-B076-A3F2B4CFA3FF}.Release|Any CPU.ActiveCfg = Release|Any CPU
		{DABD10EB-E6F6-41B4-B076-A3F2B4CFA3FF}.Release|Any CPU.Build.0 = Release|Any CPU
	EndGlobalSection
	GlobalSection(SolutionProperties) = preSolution
		HideSolutionNode = FALSE
	EndGlobalSection
	GlobalSection(ExtensibilityGlobals) = postSolution
		SolutionGuid = {4AA23CA2-01DD-4BC6-BBDC-1923E610B014}
	EndGlobalSection
EndGlobal
