
Microsoft Visual Studio Solution File, Format Version 12.00
# Visual Studio Version 16
VisualStudioVersion = 16.0.30011.22
MinimumVisualStudioVersion = 10.0.40219.1
Project("{9A19103F-16F7-4668-BE54-9A1E7A4F7556}") = "Exam Preparation", "Exam Preparation\Exam Preparation.csproj", "{C7E0C6C5-BCA4-4E25-84B9-4F9348915AEF}"
EndProject
Project("{9A19103F-16F7-4668-BE54-9A1E7A4F7556}") = "06.Christmas Tournament", "06.Christmas Tournament\06.Christmas Tournament.csproj", "{B7CF1614-F42E-49F3-ADEC-7D89B81ECB3F}"
EndProject
Project("{9A19103F-16F7-4668-BE54-9A1E7A4F7556}") = "01. Sea Trip", "01. Sea Trip\01. Sea Trip.csproj", "{165367A5-81C2-463F-8823-8CA1667494C1}"
EndProject
Project("{9A19103F-16F7-4668-BE54-9A1E7A4F7556}") = "02. Spaceship", "02. Spaceship\02. Spaceship.csproj", "{34B59DD4-B3E3-4980-85EF-4094D53E2BC8}"
EndProject
Project("{9A19103F-16F7-4668-BE54-9A1E7A4F7556}") = "03. Sushi Time", "03. Sushi Time\03. Sushi Time.csproj", "{31F69A5C-98B3-472E-AE12-29ABA3DE49E3}"
EndProject
Project("{9A19103F-16F7-4668-BE54-9A1E7A4F7556}") = "04. Bus", "04. Bus\04. Bus.csproj", "{B5C74E1A-6F8B-4F76-BDE9-F06CCC0053D3}"
EndProject
Project("{9A19103F-16F7-4668-BE54-9A1E7A4F7556}") = "05. Bachelor Party", "05. Bachelor Party\05. Bachelor Party.csproj", "{5457B2B0-6301-4B93-9270-8259672DD37C}"
EndProject
Project("{FAE04EC0-301F-11D3-BF4B-00C04F79EFBC}") = "Bachelor_Party", "Bachelor_Party\Bachelor_Party.csproj", "{B4C75E77-F35E-42EC-BB87-4F16B46FB942}"
EndProject
Project("{FAE04EC0-301F-11D3-BF4B-00C04F79EFBC}") = "6.Multiplication Table", "6.Multiplication Table\6.Multiplication Table.csproj", "{FBBF730C-2F45-4944-B5EA-76B190E627DD}"
EndProject
Global
	GlobalSection(SolutionConfigurationPlatforms) = preSolution
		Debug|Any CPU = Debug|Any CPU
		Release|Any CPU = Release|Any CPU
	EndGlobalSection
	GlobalSection(ProjectConfigurationPlatforms) = postSolution
		{C7E0C6C5-BCA4-4E25-84B9-4F9348915AEF}.Debug|Any CPU.ActiveCfg = Debug|Any CPU
		{C7E0C6C5-BCA4-4E25-84B9-4F9348915AEF}.Debug|Any CPU.Build.0 = Debug|Any CPU
		{C7E0C6C5-BCA4-4E25-84B9-4F9348915AEF}.Release|Any CPU.ActiveCfg = Release|Any CPU
		{C7E0C6C5-BCA4-4E25-84B9-4F9348915AEF}.Release|Any CPU.Build.0 = Release|Any CPU
		{B7CF1614-F42E-49F3-ADEC-7D89B81ECB3F}.Debug|Any CPU.ActiveCfg = Debug|Any CPU
		{B7CF1614-F42E-49F3-ADEC-7D89B81ECB3F}.Debug|Any CPU.Build.0 = Debug|Any CPU
		{B7CF1614-F42E-49F3-ADEC-7D89B81ECB3F}.Release|Any CPU.ActiveCfg = Release|Any CPU
		{B7CF1614-F42E-49F3-ADEC-7D89B81ECB3F}.Release|Any CPU.Build.0 = Release|Any CPU
		{165367A5-81C2-463F-8823-8CA1667494C1}.Debug|Any CPU.ActiveCfg = Debug|Any CPU
		{165367A5-81C2-463F-8823-8CA1667494C1}.Debug|Any CPU.Build.0 = Debug|Any CPU
		{165367A5-81C2-463F-8823-8CA1667494C1}.Release|Any CPU.ActiveCfg = Release|Any CPU
		{165367A5-81C2-463F-8823-8CA1667494C1}.Release|Any CPU.Build.0 = Release|Any CPU
		{34B59DD4-B3E3-4980-85EF-4094D53E2BC8}.Debug|Any CPU.ActiveCfg = Debug|Any CPU
		{34B59DD4-B3E3-4980-85EF-4094D53E2BC8}.Debug|Any CPU.Build.0 = Debug|Any CPU
		{34B59DD4-B3E3-4980-85EF-4094D53E2BC8}.Release|Any CPU.ActiveCfg = Release|Any CPU
		{34B59DD4-B3E3-4980-85EF-4094D53E2BC8}.Release|Any CPU.Build.0 = Release|Any CPU
		{31F69A5C-98B3-472E-AE12-29ABA3DE49E3}.Debug|Any CPU.ActiveCfg = Debug|Any CPU
		{31F69A5C-98B3-472E-AE12-29ABA3DE49E3}.Debug|Any CPU.Build.0 = Debug|Any CPU
		{31F69A5C-98B3-472E-AE12-29ABA3DE49E3}.Release|Any CPU.ActiveCfg = Release|Any CPU
		{31F69A5C-98B3-472E-AE12-29ABA3DE49E3}.Release|Any CPU.Build.0 = Release|Any CPU
		{B5C74E1A-6F8B-4F76-BDE9-F06CCC0053D3}.Debug|Any CPU.ActiveCfg = Debug|Any CPU
		{B5C74E1A-6F8B-4F76-BDE9-F06CCC0053D3}.Debug|Any CPU.Build.0 = Debug|Any CPU
		{B5C74E1A-6F8B-4F76-BDE9-F06CCC0053D3}.Release|Any CPU.ActiveCfg = Release|Any CPU
		{B5C74E1A-6F8B-4F76-BDE9-F06CCC0053D3}.Release|Any CPU.Build.0 = Release|Any CPU
		{5457B2B0-6301-4B93-9270-8259672DD37C}.Debug|Any CPU.ActiveCfg = Debug|Any CPU
		{5457B2B0-6301-4B93-9270-8259672DD37C}.Debug|Any CPU.Build.0 = Debug|Any CPU
		{5457B2B0-6301-4B93-9270-8259672DD37C}.Release|Any CPU.ActiveCfg = Release|Any CPU
		{5457B2B0-6301-4B93-9270-8259672DD37C}.Release|Any CPU.Build.0 = Release|Any CPU
		{B4C75E77-F35E-42EC-BB87-4F16B46FB942}.Debug|Any CPU.ActiveCfg = Debug|Any CPU
		{B4C75E77-F35E-42EC-BB87-4F16B46FB942}.Debug|Any CPU.Build.0 = Debug|Any CPU
		{B4C75E77-F35E-42EC-BB87-4F16B46FB942}.Release|Any CPU.ActiveCfg = Release|Any CPU
		{B4C75E77-F35E-42EC-BB87-4F16B46FB942}.Release|Any CPU.Build.0 = Release|Any CPU
		{FBBF730C-2F45-4944-B5EA-76B190E627DD}.Debug|Any CPU.ActiveCfg = Debug|Any CPU
		{FBBF730C-2F45-4944-B5EA-76B190E627DD}.Debug|Any CPU.Build.0 = Debug|Any CPU
		{FBBF730C-2F45-4944-B5EA-76B190E627DD}.Release|Any CPU.ActiveCfg = Release|Any CPU
		{FBBF730C-2F45-4944-B5EA-76B190E627DD}.Release|Any CPU.Build.0 = Release|Any CPU
	EndGlobalSection
	GlobalSection(SolutionProperties) = preSolution
		HideSolutionNode = FALSE
	EndGlobalSection
	GlobalSection(ExtensibilityGlobals) = postSolution
		SolutionGuid = {77037C75-9F54-466E-9339-794EA9B47A66}
	EndGlobalSection
EndGlobal
