
Microsoft Visual Studio Solution File, Format Version 12.00
# Visual Studio Version 16
VisualStudioVersion = 16.0.30011.22
MinimumVisualStudioVersion = 10.0.40219.1
Project("{9A19103F-16F7-4668-BE54-9A1E7A4F7556}") = "01. Warrior's Quest", "01. Warrior's Quest\01. Warrior's Quest.csproj", "{F7331BB6-0941-4490-8C9B-27B5DF06B22C}"
EndProject
Project("{9A19103F-16F7-4668-BE54-9A1E7A4F7556}") = "02. Boss Rush", "02. Boss Rush\02. Boss Rush.csproj", "{6A80E898-AE3A-4AE5-95F0-E1B456CBB4B2}"
EndProject
Project("{FAE04EC0-301F-11D3-BF4B-00C04F79EFBC}") = "03. Hero Recruitment", "03. Hero Recruitment\03. Hero Recruitment.csproj", "{82EE2218-EDBA-4BE4-A85C-D33E76E0DBCE}"
EndProject
Global
	GlobalSection(SolutionConfigurationPlatforms) = preSolution
		Debug|Any CPU = Debug|Any CPU
		Release|Any CPU = Release|Any CPU
	EndGlobalSection
	GlobalSection(ProjectConfigurationPlatforms) = postSolution
		{F7331BB6-0941-4490-8C9B-27B5DF06B22C}.Debug|Any CPU.ActiveCfg = Debug|Any CPU
		{F7331BB6-0941-4490-8C9B-27B5DF06B22C}.Debug|Any CPU.Build.0 = Debug|Any CPU
		{F7331BB6-0941-4490-8C9B-27B5DF06B22C}.Release|Any CPU.ActiveCfg = Release|Any CPU
		{F7331BB6-0941-4490-8C9B-27B5DF06B22C}.Release|Any CPU.Build.0 = Release|Any CPU
		{6A80E898-AE3A-4AE5-95F0-E1B456CBB4B2}.Debug|Any CPU.ActiveCfg = Debug|Any CPU
		{6A80E898-AE3A-4AE5-95F0-E1B456CBB4B2}.Debug|Any CPU.Build.0 = Debug|Any CPU
		{6A80E898-AE3A-4AE5-95F0-E1B456CBB4B2}.Release|Any CPU.ActiveCfg = Release|Any CPU
		{6A80E898-AE3A-4AE5-95F0-E1B456CBB4B2}.Release|Any CPU.Build.0 = Release|Any CPU
		{82EE2218-EDBA-4BE4-A85C-D33E76E0DBCE}.Debug|Any CPU.ActiveCfg = Debug|Any CPU
		{82EE2218-EDBA-4BE4-A85C-D33E76E0DBCE}.Debug|Any CPU.Build.0 = Debug|Any CPU
		{82EE2218-EDBA-4BE4-A85C-D33E76E0DBCE}.Release|Any CPU.ActiveCfg = Release|Any CPU
		{82EE2218-EDBA-4BE4-A85C-D33E76E0DBCE}.Release|Any CPU.Build.0 = Release|Any CPU
	EndGlobalSection
	GlobalSection(SolutionProperties) = preSolution
		HideSolutionNode = FALSE
	EndGlobalSection
	GlobalSection(ExtensibilityGlobals) = postSolution
		SolutionGuid = {AE80F378-5F7B-441F-A2B0-86CE7CB4B401}
	EndGlobalSection
EndGlobal
